<Solution>
  <Folder Name="/services/">
    <Project Path="Wheelhouse.Api/Wheelhouse.Api.csproj" />
    <Project Path="Wheelhouse.Application/Wheelhouse.Application.csproj" />
    <Project Path="Wheelhouse.Domain/Wheelhouse.Domain.csproj" />
    <Project Path="Wheelhouse.Infrastructure/Wheelhouse.Infrastructure.csproj" />
    <Project Path="Wheelhouse.Persistence/Wheelhouse.Persistence.csproj" />
  </Folder>
  <Folder Name="/tests/">
    <Project Path="Wheelhouse.Tests.Unit/Wheelhouse.Tests.Unit.csproj" />
    <Project Path="Wheelhouse.Tests.Integration/Wheelhouse.Tests.Integration.csproj" />
    <Project Path="Wheelhouse.Tests.E2E/Wheelhouse.Tests.E2E.csproj" />
    <Project Path="Wheelhouse.Tests.Migrations/Wheelhouse.Tests.Migrations.csproj" />
  </Folder>
</Solution>
