<Solution>
  <Folder Name="/services/">
    <Project Path="Drydock.Api/Drydock.Api.csproj" />
    <Project Path="Drydock.Application/Drydock.Application.csproj" />
    <Project Path="Drydock.Domain/Drydock.Domain.csproj" />
    <Project Path="Drydock.Infrastructure/Drydock.Infrastructure.csproj" />
    <Project Path="Drydock.Persistence/Drydock.Persistence.csproj" />
  </Folder>
  <Folder Name="/tests/">
    <Project Path="Drydock.Tests.Unit/Drydock.Tests.Unit.csproj" />
    <Project Path="Drydock.Tests.Integration/Drydock.Tests.Integration.csproj" />
    <Project Path="Drydock.Tests.E2E/Drydock.Tests.E2E.csproj" />
    <Project Path="Drydock.Tests.Migrations/Drydock.Tests.Migrations.csproj" />
  </Folder>
</Solution>
